<?xml version="1.0" encoding="utf-8"?>
<Project ToolsVersion="4.0" xmlns="http://schemas.microsoft.com/developer/msbuild/2003">
  <ItemGroup>
    <Filter Include="Source Files">
      <UniqueIdentifier>{4FC737F1-C7A5-4376-A066-2A32D752A2FF}</UniqueIdentifier>
      <Extensions>cpp;c;cc;cxx;def;odl;idl;hpj;bat;asm;asmx</Extensions>
    </Filter>
    <Filter Include="Header Files">
      <UniqueIdentifier>{93995380-89BD-4b04-88EB-625FBE52EBFB}</UniqueIdentifier>
      <Extensions>h;hpp;hxx;hm;inl;inc;xsd</Extensions>
    </Filter>
    <Filter Include="Resource Files">
      <UniqueIdentifier>{67DA6AB6-F800-4c08-8B7A-83BB121AAD01}</UniqueIdentifier>
      <Extensions>rc;ico;cur;bmp;dlg;rc2;rct;bin;rgs;gif;jpg;jpeg;jpe;resx;tiff;tif;png;wav;mfcribbon-ms</Extensions>
    </Filter>
  </ItemGroup>
  <ItemGroup>
    <Text Include="ReadMe.txt" />
  </ItemGroup>
  <ItemGroup>
    <ClCompile Include="dct\dct.cpp">
      <Filter>Source Files</Filter>
    </ClCompile>
    <ClCompile Include="dct\hadamard.cpp">
      <Filter>Source Files</Filter>
    </ClCompile>
    <ClCompile Include="dct\idct.cpp">
      <Filter>Source Files</Filter>
    </ClCompile>
    <ClCompile Include="dct\sermsdct.cpp">
      <Filter>Source Files</Filter>
    </ClCompile>
    <ClCompile Include="ctrafo\YCbCr444ToRGB.cpp">
      <Filter>Source Files</Filter>
    </ClCompile>
    <ClCompile Include="codestream\aclosslessscan.cpp">
      <Filter>Source Files</Filter>
    </ClCompile>
    <ClCompile Include="codestream\acrefinementscan.cpp">
      <Filter>Source Files</Filter>
    </ClCompile>
    <ClCompile Include="codestream\acsequentialscan.cpp">
      <Filter>Source Files</Filter>
    </ClCompile>
    <ClCompile Include="codestream\decoder.cpp">
      <Filter>Source Files</Filter>
    </ClCompile>
    <ClCompile Include="codestream\encoder.cpp">
      <Filter>Source Files</Filter>
    </ClCompile>
    <ClCompile Include="codestream\entropyparser.cpp">
      <Filter>Source Files</Filter>
    </ClCompile>
    <ClCompile Include="codestream\hiddenrefinementscan.cpp">
      <Filter>Source Files</Filter>
    </ClCompile>
    <ClCompile Include="codestream\image.cpp">
      <Filter>Source Files</Filter>
    </ClCompile>
    <ClCompile Include="codestream\jpeglsscan.cpp">
      <Filter>Source Files</Filter>
    </ClCompile>
    <ClCompile Include="codestream\lineinterleavedlsscan.cpp">
      <Filter>Source Files</Filter>
    </ClCompile>
    <ClCompile Include="codestream\losslessscan.cpp">
      <Filter>Source Files</Filter>
    </ClCompile>
    <ClCompile Include="codestream\predictivescan.cpp">
      <Filter>Source Files</Filter>
    </ClCompile>
    <ClCompile Include="codestream\rectanglerequest.cpp">
      <Filter>Source Files</Filter>
    </ClCompile>
    <ClCompile Include="codestream\refinementscan.cpp">
      <Filter>Source Files</Filter>
    </ClCompile>
    <ClCompile Include="codestream\sampleinterleavedlsscan.cpp">
      <Filter>Source Files</Filter>
    </ClCompile>
    <ClCompile Include="codestream\sequentialscan.cpp">
      <Filter>Source Files</Filter>
    </ClCompile>
    <ClCompile Include="codestream\singlecomponentlsscan.cpp">
      <Filter>Source Files</Filter>
    </ClCompile>
    <ClCompile Include="codestream\tables.cpp">
      <Filter>Source Files</Filter>
    </ClCompile>
    <ClCompile Include="codestream\vesadctscan.cpp">
      <Filter>Source Files</Filter>
    </ClCompile>
    <ClCompile Include="codestream\vesascan.cpp">
      <Filter>Source Files</Filter>
    </ClCompile>
    <ClCompile Include="coding\actemplate.cpp">
      <Filter>Source Files</Filter>
    </ClCompile>
    <ClCompile Include="coding\arithmetictemplate.cpp">
      <Filter>Source Files</Filter>
    </ClCompile>
    <ClCompile Include="coding\arthdeco.cpp">
      <Filter>Source Files</Filter>
    </ClCompile>
    <ClCompile Include="coding\blockrow.cpp">
      <Filter>Source Files</Filter>
    </ClCompile>
    <ClCompile Include="coding\decodertemplate.cpp">
      <Filter>Source Files</Filter>
    </ClCompile>
    <ClCompile Include="coding\huffmancoder.cpp">
      <Filter>Source Files</Filter>
    </ClCompile>
    <ClCompile Include="coding\huffmandecoder.cpp">
      <Filter>Source Files</Filter>
    </ClCompile>
    <ClCompile Include="coding\huffmanstatistics.cpp">
      <Filter>Source Files</Filter>
    </ClCompile>
    <ClCompile Include="coding\huffmantemplate.cpp">
      <Filter>Source Files</Filter>
    </ClCompile>
    <ClCompile Include="coding\qmcoder.cpp">
      <Filter>Source Files</Filter>
    </ClCompile>
    <ClCompile Include="coding\quantizedrow.cpp">
      <Filter>Source Files</Filter>
    </ClCompile>
    <ClCompile Include="colortrafo\colortrafo.cpp">
      <Filter>Source Files</Filter>
    </ClCompile>
    <ClCompile Include="colortrafo\lslosslesstrafo.cpp">
      <Filter>Source Files</Filter>
    </ClCompile>
    <ClCompile Include="colortrafo\rcttrafo.cpp">
      <Filter>Source Files</Filter>
    </ClCompile>
    <ClCompile Include="colortrafo\trivialtrafo.cpp">
      <Filter>Source Files</Filter>
    </ClCompile>
    <ClCompile Include="colortrafo\ycbcrtrafo.cpp">
      <Filter>Source Files</Filter>
    </ClCompile>
    <ClCompile Include="control\bitmapctrl.cpp">
      <Filter>Source Files</Filter>
    </ClCompile>
    <ClCompile Include="control\blockbitmaprequester.cpp">
      <Filter>Source Files</Filter>
    </ClCompile>
    <ClCompile Include="control\blockbuffer.cpp">
      <Filter>Source Files</Filter>
    </ClCompile>
    <ClCompile Include="control\blocklineadapter.cpp">
      <Filter>Source Files</Filter>
    </ClCompile>
    <ClCompile Include="control\bufferctrl.cpp">
      <Filter>Source Files</Filter>
    </ClCompile>
    <ClCompile Include="control\hierarchicalbitmaprequester.cpp">
      <Filter>Source Files</Filter>
    </ClCompile>
    <ClCompile Include="control\lineadapter.cpp">
      <Filter>Source Files</Filter>
    </ClCompile>
    <ClCompile Include="control\linebitmaprequester.cpp">
      <Filter>Source Files</Filter>
    </ClCompile>
    <ClCompile Include="control\linebuffer.cpp">
      <Filter>Source Files</Filter>
    </ClCompile>
    <ClCompile Include="control\linelineadapter.cpp">
      <Filter>Source Files</Filter>
    </ClCompile>
    <ClCompile Include="control\linemerger.cpp">
      <Filter>Source Files</Filter>
    </ClCompile>
    <ClCompile Include="control\residualblockhelper.cpp">
      <Filter>Source Files</Filter>
    </ClCompile>
    <ClCompile Include="interface\bitmaphook.cpp">
      <Filter>Source Files</Filter>
    </ClCompile>
    <ClCompile Include="interface\hooks.cpp">
      <Filter>Source Files</Filter>
    </ClCompile>
    <ClCompile Include="interface\imagebitmap.cpp">
      <Filter>Source Files</Filter>
    </ClCompile>
    <ClCompile Include="interface\jpeg.cpp">
      <Filter>Source Files</Filter>
    </ClCompile>
    <ClCompile Include="interface\jpgtypes.cpp">
      <Filter>Source Files</Filter>
    </ClCompile>
    <ClCompile Include="interface\parameters.cpp">
      <Filter>Source Files</Filter>
    </ClCompile>
    <ClCompile Include="interface\tagitem.cpp">
      <Filter>Source Files</Filter>
    </ClCompile>
    <ClCompile Include="interface\types.cpp">
      <Filter>Source Files</Filter>
    </ClCompile>
    <ClCompile Include="io\bitstream.cpp">
      <Filter>Source Files</Filter>
    </ClCompile>
    <ClCompile Include="io\bytestream.cpp">
      <Filter>Source Files</Filter>
    </ClCompile>
    <ClCompile Include="io\iostream.cpp">
      <Filter>Source Files</Filter>
    </ClCompile>
    <ClCompile Include="io\memorystream.cpp">
      <Filter>Source Files</Filter>
    </ClCompile>
    <ClCompile Include="io\randomaccessstream.cpp">
      <Filter>Source Files</Filter>
    </ClCompile>
    <ClCompile Include="io\staticstream.cpp">
      <Filter>Source Files</Filter>
    </ClCompile>
    <ClCompile Include="marker\actable.cpp">
      <Filter>Source Files</Filter>
    </ClCompile>
    <ClCompile Include="marker\adobemarker.cpp">
      <Filter>Source Files</Filter>
    </ClCompile>
    <ClCompile Include="marker\component.cpp">
      <Filter>Source Files</Filter>
    </ClCompile>
    <ClCompile Include="marker\exifmarker.cpp">
      <Filter>Source Files</Filter>
    </ClCompile>
    <ClCompile Include="marker\frame.cpp">
      <Filter>Source Files</Filter>
    </ClCompile>
    <ClCompile Include="marker\huffmantable.cpp">
      <Filter>Source Files</Filter>
    </ClCompile>
    <ClCompile Include="marker\jfifmarker.cpp">
      <Filter>Source Files</Filter>
    </ClCompile>
    <ClCompile Include="marker\losslessmarker.cpp">
      <Filter>Source Files</Filter>
    </ClCompile>
    <ClCompile Include="marker\lscolortrafo.cpp">
      <Filter>Source Files</Filter>
    </ClCompile>
    <ClCompile Include="marker\quantization.cpp">
      <Filter>Source Files</Filter>
    </ClCompile>
    <ClCompile Include="marker\residualmarker.cpp">
      <Filter>Source Files</Filter>
    </ClCompile>
    <ClCompile Include="marker\residualspecsmarker.cpp">
      <Filter>Source Files</Filter>
    </ClCompile>
    <ClCompile Include="marker\restartintervalmarker.cpp">
      <Filter>Source Files</Filter>
    </ClCompile>
    <ClCompile Include="marker\scan.cpp">
      <Filter>Source Files</Filter>
    </ClCompile>
    <ClCompile Include="marker\scantypes.cpp">
      <Filter>Source Files</Filter>
    </ClCompile>
    <ClCompile Include="marker\thresholds.cpp">
      <Filter>Source Files</Filter>
    </ClCompile>
    <ClCompile Include="marker\tonemappingmarker.cpp">
      <Filter>Source Files</Filter>
    </ClCompile>
    <ClCompile Include="std\assert.cpp">
      <Filter>Source Files</Filter>
    </ClCompile>
    <ClCompile Include="std\ctype.cpp">
      <Filter>Source Files</Filter>
    </ClCompile>
    <ClCompile Include="std\errno.cpp">
      <Filter>Source Files</Filter>
    </ClCompile>
    <ClCompile Include="std\math.cpp">
      <Filter>Source Files</Filter>
    </ClCompile>
    <ClCompile Include="std\setjmp.cpp">
      <Filter>Source Files</Filter>
    </ClCompile>
    <ClCompile Include="std\stdarg.cpp">
      <Filter>Source Files</Filter>
    </ClCompile>
    <ClCompile Include="std\stddef.cpp">
      <Filter>Source Files</Filter>
    </ClCompile>
    <ClCompile Include="std\stdio.cpp">
      <Filter>Source Files</Filter>
    </ClCompile>
    <ClCompile Include="std\stdlib.cpp">
      <Filter>Source Files</Filter>
    </ClCompile>
    <ClCompile Include="std\string.cpp">
      <Filter>Source Files</Filter>
    </ClCompile>
    <ClCompile Include="std\unistd.cpp">
      <Filter>Source Files</Filter>
    </ClCompile>
    <ClCompile Include="tools\debug.cpp">
      <Filter>Source Files</Filter>
    </ClCompile>
    <ClCompile Include="tools\environment.cpp">
      <Filter>Source Files</Filter>
    </ClCompile>
    <ClCompile Include="tools\line.cpp">
      <Filter>Source Files</Filter>
    </ClCompile>
    <ClCompile Include="tools\rectangle.cpp">
      <Filter>Source Files</Filter>
    </ClCompile>
    <ClCompile Include="tools\traits.cpp">
      <Filter>Source Files</Filter>
    </ClCompile>
    <ClCompile Include="upsampling\downsampler.cpp">
      <Filter>Source Files</Filter>
    </ClCompile>
    <ClCompile Include="upsampling\downsamplerbase.cpp">
      <Filter>Source Files</Filter>
    </ClCompile>
    <ClCompile Include="upsampling\upsampler.cpp">
      <Filter>Source Files</Filter>
    </ClCompile>
    <ClCompile Include="upsampling\upsamplerbase.cpp">
      <Filter>Source Files</Filter>
    </ClCompile>
  </ItemGroup>
</Project>