
Microsoft Visual Studio Solution File, Format Version 12.00
# Visual Studio 2012
Project("{8BC9CEB8-8B4A-11D0-8D11-00A0C91BC942}") = "libjpeg", "libjpeg.vcxproj", "{B561AD8B-0354-4FF2-97C0-6FBD6ED61696}"
EndProject
Project("{8BC9CEB8-8B4A-11D0-8D11-00A0C91BC942}") = "cmd", "cmd\cmd.vcxproj", "{A9012DE8-C369-42B7-891B-A8BFE7971C7C}"
EndProject
Global
	GlobalSection(SolutionConfigurationPlatforms) = preSolution
		Debug|Win32 = Debug|Win32
		Release|Win32 = Release|Win32
	EndGlobalSection
	GlobalSection(ProjectConfigurationPlatforms) = postSolution
		{B561AD8B-0354-4FF2-97C0-6FBD6ED61696}.Debug|Win32.ActiveCfg = Debug|Win32
		{B561AD8B-0354-4FF2-97C0-6FBD6ED61696}.Debug|Win32.Build.0 = Debug|Win32
		{B561AD8B-0354-4FF2-97C0-6FBD6ED61696}.Release|Win32.ActiveCfg = Release|Win32
		{B561AD8B-0354-4FF2-97C0-6FBD6ED61696}.Release|Win32.Build.0 = Release|Win32
		{A9012DE8-C369-42B7-891B-A8BFE7971C7C}.Debug|Win32.ActiveCfg = Debug|Win32
		{A9012DE8-C369-42B7-891B-A8BFE7971C7C}.Debug|Win32.Build.0 = Debug|Win32
		{A9012DE8-C369-42B7-891B-A8BFE7971C7C}.Release|Win32.ActiveCfg = Release|Win32
		{A9012DE8-C369-42B7-891B-A8BFE7971C7C}.Release|Win32.Build.0 = Release|Win32
	EndGlobalSection
	GlobalSection(SolutionProperties) = preSolution
		HideSolutionNode = FALSE
	EndGlobalSection
EndGlobal
